
Microsoft Visual Studio Solution File, Format Version 12.00
# Visual Studio Version 17
VisualStudioVersion = 17.1.32319.34
MinimumVisualStudioVersion = 10.0.40219.1
Project("{FAE04EC0-301F-11D3-BF4B-00C04F79EFBC}") = "CopyGroupPlugin", "CopyGroupPlugin\CopyGroupPlugin.csproj", "{44572E4E-7EE4-49EB-8B77-DEC59AAB2573}"
EndProject
Global
	GlobalSection(SolutionConfigurationPlatforms) = preSolution
		Debug|Any CPU = Debug|Any CPU
		Release|Any CPU = Release|Any CPU
	EndGlobalSection
	GlobalSection(ProjectConfigurationPlatforms) = postSolution
		{44572E4E-7EE4-49EB-8B77-DEC59AAB2573}.Debug|Any CPU.ActiveCfg = Debug|Any CPU
		{44572E4E-7EE4-49EB-8B77-DEC59AAB2573}.Debug|Any CPU.Build.0 = Debug|Any CPU
		{44572E4E-7EE4-49EB-8B77-DEC59AAB2573}.Release|Any CPU.ActiveCfg = Release|Any CPU
		{44572E4E-7EE4-49EB-8B77-DEC59AAB2573}.Release|Any CPU.Build.0 = Release|Any CPU
	EndGlobalSection
	GlobalSection(SolutionProperties) = preSolution
		HideSolutionNode = FALSE
	EndGlobalSection
	GlobalSection(ExtensibilityGlobals) = postSolution
		SolutionGuid = {95E68E33-88A9-4C0F-B69F-66DB315CF6EC}
	EndGlobalSection
EndGlobal
